
Microsoft Visual Studio Solution File, Format Version 12.00
# Visual Studio Version 16
VisualStudioVersion = 16.0.32228.343
MinimumVisualStudioVersion = 10.0.40219.1
Project("{FAE04EC0-301F-11D3-BF4B-00C04F79EFBC}") = "Teste4I", "Teste4I\Teste4I.csproj", "{BBC11634-6B88-4AEB-A6D4-10237E2E7B7A}"
EndProject
Global
	GlobalSection(SolutionConfigurationPlatforms) = preSolution
		Debug|Any CPU = Debug|Any CPU
		Release|Any CPU = Release|Any CPU
	EndGlobalSection
	GlobalSection(ProjectConfigurationPlatforms) = postSolution
		{BBC11634-6B88-4AEB-A6D4-10237E2E7B7A}.Debug|Any CPU.ActiveCfg = Debug|Any CPU
		{BBC11634-6B88-4AEB-A6D4-10237E2E7B7A}.Debug|Any CPU.Build.0 = Debug|Any CPU
		{BBC11634-6B88-4AEB-A6D4-10237E2E7B7A}.Release|Any CPU.ActiveCfg = Release|Any CPU
		{BBC11634-6B88-4AEB-A6D4-10237E2E7B7A}.Release|Any CPU.Build.0 = Release|Any CPU
	EndGlobalSection
	GlobalSection(SolutionProperties) = preSolution
		HideSolutionNode = FALSE
	EndGlobalSection
	GlobalSection(ExtensibilityGlobals) = postSolution
		SolutionGuid = {8015EA97-D876-4556-B2E7-CC925A5B5543}
	EndGlobalSection
EndGlobal
